
Microsoft Visual Studio Solution File, Format Version 12.00
# Visual Studio Version 17
VisualStudioVersion = 17.4.33213.308
MinimumVisualStudioVersion = 10.0.40219.1
Project("{9A19103F-16F7-4668-BE54-9A1E7A4F7556}") = "Application", "Application\Application.csproj", "{27943AC1-127D-48E6-A22F-E7CFDC7A1CCD}"
EndProject
Project("{9A19103F-16F7-4668-BE54-9A1E7A4F7556}") = "Connection", "Connection\Connection.csproj", "{5605F3C9-522D-4424-BA74-5D58B9B6AF65}"
EndProject
Global
	GlobalSection(SolutionConfigurationPlatforms) = preSolution
		Debug|Any CPU = Debug|Any CPU
		Release|Any CPU = Release|Any CPU
	EndGlobalSection
	GlobalSection(ProjectConfigurationPlatforms) = postSolution
		{27943AC1-127D-48E6-A22F-E7CFDC7A1CCD}.Debug|Any CPU.ActiveCfg = Debug|Any CPU
		{27943AC1-127D-48E6-A22F-E7CFDC7A1CCD}.Debug|Any CPU.Build.0 = Debug|Any CPU
		{27943AC1-127D-48E6-A22F-E7CFDC7A1CCD}.Release|Any CPU.ActiveCfg = Release|Any CPU
		{27943AC1-127D-48E6-A22F-E7CFDC7A1CCD}.Release|Any CPU.Build.0 = Release|Any CPU
		{5605F3C9-522D-4424-BA74-5D58B9B6AF65}.Debug|Any CPU.ActiveCfg = Debug|Any CPU
		{5605F3C9-522D-4424-BA74-5D58B9B6AF65}.Debug|Any CPU.Build.0 = Debug|Any CPU
		{5605F3C9-522D-4424-BA74-5D58B9B6AF65}.Release|Any CPU.ActiveCfg = Release|Any CPU
		{5605F3C9-522D-4424-BA74-5D58B9B6AF65}.Release|Any CPU.Build.0 = Release|Any CPU
	EndGlobalSection
	GlobalSection(SolutionProperties) = preSolution
		HideSolutionNode = FALSE
	EndGlobalSection
	GlobalSection(ExtensibilityGlobals) = postSolution
		SolutionGuid = {9036D8CF-292E-4E86-ABC7-8DEDB13167B0}
	EndGlobalSection
EndGlobal
